// !$*UTF8*$!
{
	archiveVersion = 1;
	classes = {
	};
	objectVersion = 56;
	objects = {

/* Begin PBXBuildFile section */
		3C21F8B82A1EF3F000F33A1F /* MainMenu.sks in Resources */ = {isa = PBXBuildFile; fileRef = 3C21F8B72A1EF3F000F33A1F /* MainMenu.sks */; };
		3C21F8BA2A1F03C200F33A1F /* MainMenu.swift in Sources */ = {isa = PBXBuildFile; fileRef = 3C21F8B92A1F03C100F33A1F /* MainMenu.swift */; };
		3C21F8BC2A1F34D600F33A1F /* losing-sound-effect.mp3 in Resources */ = {isa = PBXBuildFile; fileRef = 3C21F8BB2A1F34D600F33A1F /* losing-sound-effect.mp3 */; };
		3C21F8C02A1F35F800F33A1F /* Single-clap-sound.mp3 in Resources */ = {isa = PBXBuildFile; fileRef = 3C21F8BF2A1F35F800F33A1F /* Single-clap-sound.mp3 */; };
		3C21F8C22A1FA8D200F33A1F /* howToPlay.sks in Resources */ = {isa = PBXBuildFile; fileRef = 3C21F8C12A1FA8D200F33A1F /* howToPlay.sks */; };
		3C21F8C42A1FAAC500F33A1F /* howToPlay.swift in Sources */ = {isa = PBXBuildFile; fileRef = 3C21F8C32A1FAAC500F33A1F /* howToPlay.swift */; };
		3CFFCE1E2A1C538E00A60612 /* AppDelegate.swift in Sources */ = {isa = PBXBuildFile; fileRef = 3CFFCE1D2A1C538E00A60612 /* AppDelegate.swift */; };
		3CFFCE202A1C538E00A60612 /* GameScene.sks in Resources */ = {isa = PBXBuildFile; fileRef = 3CFFCE1F2A1C538E00A60612 /* GameScene.sks */; };
		3CFFCE222A1C538E00A60612 /* Actions.sks in Resources */ = {isa = PBXBuildFile; fileRef = 3CFFCE212A1C538E00A60612 /* Actions.sks */; };
		3CFFCE242A1C538E00A60612 /* GameScene.swift in Sources */ = {isa = PBXBuildFile; fileRef = 3CFFCE232A1C538E00A60612 /* GameScene.swift */; };
		3CFFCE262A1C538E00A60612 /* GameViewController.swift in Sources */ = {isa = PBXBuildFile; fileRef = 3CFFCE252A1C538E00A60612 /* GameViewController.swift */; };
		3CFFCE292A1C538E00A60612 /* Main.storyboard in Resources */ = {isa = PBXBuildFile; fileRef = 3CFFCE272A1C538E00A60612 /* Main.storyboard */; };
		3CFFCE2B2A1C538F00A60612 /* Assets.xcassets in Resources */ = {isa = PBXBuildFile; fileRef = 3CFFCE2A2A1C538F00A60612 /* Assets.xcassets */; };
		3CFFCE2E2A1C538F00A60612 /* LaunchScreen.storyboard in Resources */ = {isa = PBXBuildFile; fileRef = 3CFFCE2C2A1C538F00A60612 /* LaunchScreen.storyboard */; };
/* End PBXBuildFile section */

/* Begin PBXFileReference section */
		3C21F8B72A1EF3F000F33A1F /* MainMenu.sks */ = {isa = PBXFileReference; lastKnownFileType = file.sks; path = MainMenu.sks; sourceTree = "<group>"; };
		3C21F8B92A1F03C100F33A1F /* MainMenu.swift */ = {isa = PBXFileReference; lastKnownFileType = sourcecode.swift; path = MainMenu.swift; sourceTree = "<group>"; };
		3C21F8BB2A1F34D600F33A1F /* losing-sound-effect.mp3 */ = {isa = PBXFileReference; lastKnownFileType = audio.mp3; path = "losing-sound-effect.mp3"; sourceTree = "<group>"; };
		3C21F8BF2A1F35F800F33A1F /* Single-clap-sound.mp3 */ = {isa = PBXFileReference; lastKnownFileType = audio.mp3; path = "Single-clap-sound.mp3"; sourceTree = "<group>"; };
		3C21F8C12A1FA8D200F33A1F /* howToPlay.sks */ = {isa = PBXFileReference; lastKnownFileType = file.sks; path = howToPlay.sks; sourceTree = "<group>"; };
		3C21F8C32A1FAAC500F33A1F /* howToPlay.swift */ = {isa = PBXFileReference; lastKnownFileType = sourcecode.swift; path = howToPlay.swift; sourceTree = "<group>"; };
		3CFFCE1A2A1C538E00A60612 /* LoGueEnd.app */ = {isa = PBXFileReference; explicitFileType = wrapper.application; includeInIndex = 0; path = LoGueEnd.app; sourceTree = BUILT_PRODUCTS_DIR; };
		3CFFCE1D2A1C538E00A60612 /* AppDelegate.swift */ = {isa = PBXFileReference; lastKnownFileType = sourcecode.swift; path = AppDelegate.swift; sourceTree = "<group>"; };
		3CFFCE1F2A1C538E00A60612 /* GameScene.sks */ = {isa = PBXFileReference; lastKnownFileType = file.sks; path = GameScene.sks; sourceTree = "<group>"; };
		3CFFCE212A1C538E00A60612 /* Actions.sks */ = {isa = PBXFileReference; lastKnownFileType = file.sks; path = Actions.sks; sourceTree = "<group>"; };
		3CFFCE232A1C538E00A60612 /* GameScene.swift */ = {isa = PBXFileReference; lastKnownFileType = sourcecode.swift; path = GameScene.swift; sourceTree = "<group>"; };
		3CFFCE252A1C538E00A60612 /* GameViewController.swift */ = {isa = PBXFileReference; lastKnownFileType = sourcecode.swift; path = GameViewController.swift; sourceTree = "<group>"; };
		3CFFCE282A1C538E00A60612 /* Base */ = {isa = PBXFileReference; lastKnownFileType = file.storyboard; name = Base; path = Base.lproj/Main.storyboard; sourceTree = "<group>"; };
		3CFFCE2A2A1C538F00A60612 /* Assets.xcassets */ = {isa = PBXFileReference; lastKnownFileType = folder.assetcatalog; path = Assets.xcassets; sourceTree = "<group>"; };
		3CFFCE2D2A1C538F00A60612 /* Base */ = {isa = PBXFileReference; lastKnownFileType = file.storyboard; name = Base; path = Base.lproj/LaunchScreen.storyboard; sourceTree = "<group>"; };
/* End PBXFileReference section */

/* Begin PBXFrameworksBuildPhase section */
		3CFFCE172A1C538E00A60612 /* Frameworks */ = {
			isa = PBXFrameworksBuildPhase;
			buildActionMask = 2147483647;
			files = (
			);
			runOnlyForDeploymentPostprocessing = 0;
		};
/* End PBXFrameworksBuildPhase section */

/* Begin PBXGroup section */
		3CFFCE112A1C538E00A60612 = {
			isa = PBXGroup;
			children = (
				3CFFCE1C2A1C538E00A60612 /* LoGueEnd */,
				3CFFCE1B2A1C538E00A60612 /* Products */,
			);
			sourceTree = "<group>";
		};
		3CFFCE1B2A1C538E00A60612 /* Products */ = {
			isa = PBXGroup;
			children = (
				3CFFCE1A2A1C538E00A60612 /* LoGueEnd.app */,
			);
			name = Products;
			sourceTree = "<group>";
		};
		3CFFCE1C2A1C538E00A60612 /* LoGueEnd */ = {
			isa = PBXGroup;
			children = (
				3CFFCE212A1C538E00A60612 /* Actions.sks */,
				3CFFCE1D2A1C538E00A60612 /* AppDelegate.swift */,
				3C21F8B72A1EF3F000F33A1F /* MainMenu.sks */,
				3C21F8B92A1F03C100F33A1F /* MainMenu.swift */,
				3C21F8C12A1FA8D200F33A1F /* howToPlay.sks */,
				3C21F8C32A1FAAC500F33A1F /* howToPlay.swift */,
				3CFFCE1F2A1C538E00A60612 /* GameScene.sks */,
				3CFFCE232A1C538E00A60612 /* GameScene.swift */,
				3CFFCE252A1C538E00A60612 /* GameViewController.swift */,
				3CFFCE272A1C538E00A60612 /* Main.storyboard */,
				3CFFCE2A2A1C538F00A60612 /* Assets.xcassets */,
				3CFFCE2C2A1C538F00A60612 /* LaunchScreen.storyboard */,
				3C21F8BB2A1F34D600F33A1F /* losing-sound-effect.mp3 */,
				3C21F8BF2A1F35F800F33A1F /* Single-clap-sound.mp3 */,
			);
			path = LoGueEnd;
			sourceTree = "<group>";
		};
/* End PBXGroup section */

/* Begin PBXNativeTarget section */
		3CFFCE192A1C538E00A60612 /* LoGueEnd */ = {
			isa = PBXNativeTarget;
			buildConfigurationList = 3CFFCE312A1C538F00A60612 /* Build configuration list for PBXNativeTarget "LoGueEnd" */;
			buildPhases = (
				3CFFCE162A1C538E00A60612 /* Sources */,
				3CFFCE172A1C538E00A60612 /* Frameworks */,
				3CFFCE182A1C538E00A60612 /* Resources */,
			);
			buildRules = (
			);
			dependencies = (
			);
			name = LoGueEnd;
			productName = "LoGueEnd-ver2";
			productReference = 3CFFCE1A2A1C538E00A60612 /* LoGueEnd.app */;
			productType = "com.apple.product-type.application";
		};
/* End PBXNativeTarget section */

/* Begin PBXProject section */
		3CFFCE122A1C538E00A60612 /* Project object */ = {
			isa = PBXProject;
			attributes = {
				BuildIndependentTargetsInParallel = 1;
				LastSwiftUpdateCheck = 1420;
				LastUpgradeCheck = 1420;
				TargetAttributes = {
					3CFFCE192A1C538E00A60612 = {
						CreatedOnToolsVersion = 14.2;
					};
				};
			};
			buildConfigurationList = 3CFFCE152A1C538E00A60612 /* Build configuration list for PBXProject "LoGueEnd" */;
			compatibilityVersion = "Xcode 14.0";
			developmentRegion = en;
			hasScannedForEncodings = 0;
			knownRegions = (
				en,
				Base,
			);
			mainGroup = 3CFFCE112A1C538E00A60612;
			productRefGroup = 3CFFCE1B2A1C538E00A60612 /* Products */;
			projectDirPath = "";
			projectRoot = "";
			targets = (
				3CFFCE192A1C538E00A60612 /* LoGueEnd */,
			);
		};
/* End PBXProject section */

/* Begin PBXResourcesBuildPhase section */
		3CFFCE182A1C538E00A60612 /* Resources */ = {
			isa = PBXResourcesBuildPhase;
			buildActionMask = 2147483647;
			files = (
				3C21F8C02A1F35F800F33A1F /* Single-clap-sound.mp3 in Resources */,
				3CFFCE292A1C538E00A60612 /* Main.storyboard in Resources */,
				3C21F8C22A1FA8D200F33A1F /* howToPlay.sks in Resources */,
				3C21F8B82A1EF3F000F33A1F /* MainMenu.sks in Resources */,
				3CFFCE202A1C538E00A60612 /* GameScene.sks in Resources */,
				3C21F8BC2A1F34D600F33A1F /* losing-sound-effect.mp3 in Resources */,
				3CFFCE2B2A1C538F00A60612 /* Assets.xcassets in Resources */,
				3CFFCE2E2A1C538F00A60612 /* LaunchScreen.storyboard in Resources */,
				3CFFCE222A1C538E00A60612 /* Actions.sks in Resources */,
			);
			runOnlyForDeploymentPostprocessing = 0;
		};
/* End PBXResourcesBuildPhase section */

/* Begin PBXSourcesBuildPhase section */
		3CFFCE162A1C538E00A60612 /* Sources */ = {
			isa = PBXSourcesBuildPhase;
			buildActionMask = 2147483647;
			files = (
				3CFFCE242A1C538E00A60612 /* GameScene.swift in Sources */,
				3C21F8C42A1FAAC500F33A1F /* howToPlay.swift in Sources */,
				3CFFCE262A1C538E00A60612 /* GameViewController.swift in Sources */,
				3CFFCE1E2A1C538E00A60612 /* AppDelegate.swift in Sources */,
				3C21F8BA2A1F03C200F33A1F /* MainMenu.swift in Sources */,
			);
			runOnlyForDeploymentPostprocessing = 0;
		};
/* End PBXSourcesBuildPhase section */

/* Begin PBXVariantGroup section */
		3CFFCE272A1C538E00A60612 /* Main.storyboard */ = {
			isa = PBXVariantGroup;
			children = (
				3CFFCE282A1C538E00A60612 /* Base */,
			);
			name = Main.storyboard;
			sourceTree = "<group>";
		};
		3CFFCE2C2A1C538F00A60612 /* LaunchScreen.storyboard */ = {
			isa = PBXVariantGroup;
			children = (
				3CFFCE2D2A1C538F00A60612 /* Base */,
			);
			name = LaunchScreen.storyboard;
			sourceTree = "<group>";
		};
/* End PBXVariantGroup section */

/* Begin XCBuildConfiguration section */
		3CFFCE2F2A1C538F00A60612 /* Debug */ = {
			isa = XCBuildConfiguration;
			buildSettings = {
				ALWAYS_SEARCH_USER_PATHS = NO;
				CLANG_ANALYZER_NONNULL = YES;
				CLANG_ANALYZER_NUMBER_OBJECT_CONVERSION = YES_AGGRESSIVE;
				CLANG_CXX_LANGUAGE_STANDARD = "gnu++20";
				CLANG_ENABLE_MODULES = YES;
				CLANG_ENABLE_OBJC_ARC = YES;
				CLANG_ENABLE_OBJC_WEAK = YES;
				CLANG_WARN_BLOCK_CAPTURE_AUTORELEASING = YES;
				CLANG_WARN_BOOL_CONVERSION = YES;
				CLANG_WARN_COMMA = YES;
				CLANG_WARN_CONSTANT_CONVERSION = YES;
				CLANG_WARN_DEPRECATED_OBJC_IMPLEMENTATIONS = YES;
				CLANG_WARN_DIRECT_OBJC_ISA_USAGE = YES_ERROR;
				CLANG_WARN_DOCUMENTATION_COMMENTS = YES;
				CLANG_WARN_EMPTY_BODY = YES;
				CLANG_WARN_ENUM_CONVERSION = YES;
				CLANG_WARN_INFINITE_RECURSION = YES;
				CLANG_WARN_INT_CONVERSION = YES;
				CLANG_WARN_NON_LITERAL_NULL_CONVERSION = YES;
				CLANG_WARN_OBJC_IMPLICIT_RETAIN_SELF = YES;
				CLANG_WARN_OBJC_LITERAL_CONVERSION = YES;
				CLANG_WARN_OBJC_ROOT_CLASS = YES_ERROR;
				CLANG_WARN_QUOTED_INCLUDE_IN_FRAMEWORK_HEADER = YES;
				CLANG_WARN_RANGE_LOOP_ANALYSIS = YES;
				CLANG_WARN_STRICT_PROTOTYPES = YES;
				CLANG_WARN_SUSPICIOUS_MOVE = YES;
				CLANG_WARN_UNGUARDED_AVAILABILITY = YES_AGGRESSIVE;
				CLANG_WARN_UNREACHABLE_CODE = YES;
				CLANG_WARN__DUPLICATE_METHOD_MATCH = YES;
				COPY_PHASE_STRIP = NO;
				DEBUG_INFORMATION_FORMAT = dwarf;
				ENABLE_STRICT_OBJC_MSGSEND = YES;
				ENABLE_TESTABILITY = YES;
				GCC_C_LANGUAGE_STANDARD = gnu11;
				GCC_DYNAMIC_NO_PIC = NO;
				GCC_NO_COMMON_BLOCKS = YES;
				GCC_OPTIMIZATION_LEVEL = 0;
				GCC_PREPROCESSOR_DEFINITIONS = (
					"DEBUG=1",
					"$(inherited)",
				);
				GCC_WARN_64_TO_32_BIT_CONVERSION = YES;
				GCC_WARN_ABOUT_RETURN_TYPE = YES_ERROR;
				GCC_WARN_UNDECLARED_SELECTOR = YES;
				GCC_WARN_UNINITIALIZED_AUTOS = YES_AGGRESSIVE;
				GCC_WARN_UNUSED_FUNCTION = YES;
				GCC_WARN_UNUSED_VARIABLE = YES;
				IPHONEOS_DEPLOYMENT_TARGET = 16.2;
				MTL_ENABLE_DEBUG_INFO = INCLUDE_SOURCE;
				MTL_FAST_MATH = YES;
				ONLY_ACTIVE_ARCH = YES;
				SDKROOT = iphoneos;
				SWIFT_ACTIVE_COMPILATION_CONDITIONS = DEBUG;
				SWIFT_OPTIMIZATION_LEVEL = "-Onone";
			};
			name = Debug;
		};
		3CFFCE302A1C538F00A60612 /* Release */ = {
			isa = XCBuildConfiguration;
			buildSettings = {
				ALWAYS_SEARCH_USER_PATHS = NO;
				CLANG_ANALYZER_NONNULL = YES;
				CLANG_ANALYZER_NUMBER_OBJECT_CONVERSION = YES_AGGRESSIVE;
				CLANG_CXX_LANGUAGE_STANDARD = "gnu++20";
				CLANG_ENABLE_MODULES = YES;
				CLANG_ENABLE_OBJC_ARC = YES;
				CLANG_ENABLE_OBJC_WEAK = YES;
				CLANG_WARN_BLOCK_CAPTURE_AUTORELEASING = YES;
				CLANG_WARN_BOOL_CONVERSION = YES;
				CLANG_WARN_COMMA = YES;
				CLANG_WARN_CONSTANT_CONVERSION = YES;
				CLANG_WARN_DEPRECATED_OBJC_IMPLEMENTATIONS = YES;
				CLANG_WARN_DIRECT_OBJC_ISA_USAGE = YES_ERROR;
				CLANG_WARN_DOCUMENTATION_COMMENTS = YES;
				CLANG_WARN_EMPTY_BODY = YES;
				CLANG_WARN_ENUM_CONVERSION = YES;
				CLANG_WARN_INFINITE_RECURSION = YES;
				CLANG_WARN_INT_CONVERSION = YES;
				CLANG_WARN_NON_LITERAL_NULL_CONVERSION = YES;
				CLANG_WARN_OBJC_IMPLICIT_RETAIN_SELF = YES;
				CLANG_WARN_OBJC_LITERAL_CONVERSION = YES;
				CLANG_WARN_OBJC_ROOT_CLASS = YES_ERROR;
				CLANG_WARN_QUOTED_INCLUDE_IN_FRAMEWORK_HEADER = YES;
				CLANG_WARN_RANGE_LOOP_ANALYSIS = YES;
				CLANG_WARN_STRICT_PROTOTYPES = YES;
				CLANG_WARN_SUSPICIOUS_MOVE = YES;
				CLANG_WARN_UNGUARDED_AVAILABILITY = YES_AGGRESSIVE;
				CLANG_WARN_UNREACHABLE_CODE = YES;
				CLANG_WARN__DUPLICATE_METHOD_MATCH = YES;
				COPY_PHASE_STRIP = NO;
				DEBUG_INFORMATION_FORMAT = "dwarf-with-dsym";
				ENABLE_NS_ASSERTIONS = NO;
				ENABLE_STRICT_OBJC_MSGSEND = YES;
				GCC_C_LANGUAGE_STANDARD = gnu11;
				GCC_NO_COMMON_BLOCKS = YES;
				GCC_WARN_64_TO_32_BIT_CONVERSION = YES;
				GCC_WARN_ABOUT_RETURN_TYPE = YES_ERROR;
				GCC_WARN_UNDECLARED_SELECTOR = YES;
				GCC_WARN_UNINITIALIZED_AUTOS = YES_AGGRESSIVE;
				GCC_WARN_UNUSED_FUNCTION = YES;
				GCC_WARN_UNUSED_VARIABLE = YES;
				IPHONEOS_DEPLOYMENT_TARGET = 16.2;
				MTL_ENABLE_DEBUG_INFO = NO;
				MTL_FAST_MATH = YES;
				SDKROOT = iphoneos;
				SWIFT_COMPILATION_MODE = wholemodule;
				SWIFT_OPTIMIZATION_LEVEL = "-O";
				VALIDATE_PRODUCT = YES;
			};
			name = Release;
		};
		3CFFCE322A1C538F00A60612 /* Debug */ = {
			isa = XCBuildConfiguration;
			buildSettings = {
				ASSETCATALOG_COMPILER_APPICON_NAME = AppIcon;
				ASSETCATALOG_COMPILER_GLOBAL_ACCENT_COLOR_NAME = AccentColor;
				CODE_SIGN_STYLE = Automatic;
				CURRENT_PROJECT_VERSION = 1;
				DEVELOPMENT_TEAM = 2GFKAG9TJZ;
				GENERATE_INFOPLIST_FILE = YES;
				INFOPLIST_KEY_LSApplicationCategoryType = "public.app-category.arcade-games";
				INFOPLIST_KEY_UIApplicationSupportsIndirectInputEvents = YES;
				INFOPLIST_KEY_UILaunchStoryboardName = LaunchScreen;
				INFOPLIST_KEY_UIMainStoryboardFile = Main;
				INFOPLIST_KEY_UIStatusBarHidden = YES;
				INFOPLIST_KEY_UISupportedInterfaceOrientations_iPad = "UIInterfaceOrientationPortrait UIInterfaceOrientationPortraitUpsideDown UIInterfaceOrientationLandscapeLeft UIInterfaceOrientationLandscapeRight";
				INFOPLIST_KEY_UISupportedInterfaceOrientations_iPhone = "UIInterfaceOrientationPortrait UIInterfaceOrientationLandscapeLeft UIInterfaceOrientationLandscapeRight";
				IPHONEOS_DEPLOYMENT_TARGET = 16.0;
				LD_RUNPATH_SEARCH_PATHS = (
					"$(inherited)",
					"@executable_path/Frameworks",
				);
				MARKETING_VERSION = 1.0;
				PRODUCT_BUNDLE_IDENTIFIER = "bsd.LoGueEnd-ver2";
				PRODUCT_NAME = "$(TARGET_NAME)";
				SWIFT_EMIT_LOC_STRINGS = YES;
				SWIFT_VERSION = 5.0;
				TARGETED_DEVICE_FAMILY = "1,2";
			};
			name = Debug;
		};
		3CFFCE332A1C538F00A60612 /* Release */ = {
			isa = XCBuildConfiguration;
			buildSettings = {
				ASSETCATALOG_COMPILER_APPICON_NAME = AppIcon;
				ASSETCATALOG_COMPILER_GLOBAL_ACCENT_COLOR_NAME = AccentColor;
				CODE_SIGN_STYLE = Automatic;
				CURRENT_PROJECT_VERSION = 1;
				DEVELOPMENT_TEAM = 2GFKAG9TJZ;
				GENERATE_INFOPLIST_FILE = YES;
				INFOPLIST_KEY_LSApplicationCategoryType = "public.app-category.arcade-games";
				INFOPLIST_KEY_UIApplicationSupportsIndirectInputEvents = YES;
				INFOPLIST_KEY_UILaunchStoryboardName = LaunchScreen;
				INFOPLIST_KEY_UIMainStoryboardFile = Main;
				INFOPLIST_KEY_UIStatusBarHidden = YES;
				INFOPLIST_KEY_UISupportedInterfaceOrientations_iPad = "UIInterfaceOrientationPortrait UIInterfaceOrientationPortraitUpsideDown UIInterfaceOrientationLandscapeLeft UIInterfaceOrientationLandscapeRight";
				INFOPLIST_KEY_UISupportedInterfaceOrientations_iPhone = "UIInterfaceOrientationPortrait UIInterfaceOrientationLandscapeLeft UIInterfaceOrientationLandscapeRight";
				IPHONEOS_DEPLOYMENT_TARGET = 16.0;
				LD_RUNPATH_SEARCH_PATHS = (
					"$(inherited)",
					"@executable_path/Frameworks",
				);
				MARKETING_VERSION = 1.0;
				PRODUCT_BUNDLE_IDENTIFIER = "bsd.LoGueEnd-ver2";
				PRODUCT_NAME = "$(TARGET_NAME)";
				SWIFT_EMIT_LOC_STRINGS = YES;
				SWIFT_VERSION = 5.0;
				TARGETED_DEVICE_FAMILY = "1,2";
			};
			name = Release;
		};
/* End XCBuildConfiguration section */

/* Begin XCConfigurationList section */
		3CFFCE152A1C538E00A60612 /* Build configuration list for PBXProject "LoGueEnd" */ = {
			isa = XCConfigurationList;
			buildConfigurations = (
				3CFFCE2F2A1C538F00A60612 /* Debug */,
				3CFFCE302A1C538F00A60612 /* Release */,
			);
			defaultConfigurationIsVisible = 0;
			defaultConfigurationName = Release;
		};
		3CFFCE312A1C538F00A60612 /* Build configuration list for PBXNativeTarget "LoGueEnd" */ = {
			isa = XCConfigurationList;
			buildConfigurations = (
				3CFFCE322A1C538F00A60612 /* Debug */,
				3CFFCE332A1C538F00A60612 /* Release */,
			);
			defaultConfigurationIsVisible = 0;
			defaultConfigurationName = Release;
		};
/* End XCConfigurationList section */
	};
	rootObject = 3CFFCE122A1C538E00A60612 /* Project object */;
}
